
Microsoft Visual Studio Solution File, Format Version 12.00
# Visual Studio Version 16
VisualStudioVersion = 16.0.30611.23
MinimumVisualStudioVersion = 10.0.40219.1
Project("{FAE04EC0-301F-11D3-BF4B-00C04F79EFBC}") = "CalebTuts", "CalebTuts\CalebTuts.csproj", "{C87B973B-4030-4302-82A7-765E7463217C}"
EndProject
Global
	GlobalSection(SolutionConfigurationPlatforms) = preSolution
		Debug|Any CPU = Debug|Any CPU
		Release|Any CPU = Release|Any CPU
	EndGlobalSection
	GlobalSection(ProjectConfigurationPlatforms) = postSolution
		{C87B973B-4030-4302-82A7-765E7463217C}.Debug|Any CPU.ActiveCfg = Debug|Any CPU
		{C87B973B-4030-4302-82A7-765E7463217C}.Debug|Any CPU.Build.0 = Debug|Any CPU
		{C87B973B-4030-4302-82A7-765E7463217C}.Release|Any CPU.ActiveCfg = Release|Any CPU
		{C87B973B-4030-4302-82A7-765E7463217C}.Release|Any CPU.Build.0 = Release|Any CPU
	EndGlobalSection
	GlobalSection(SolutionProperties) = preSolution
		HideSolutionNode = FALSE
	EndGlobalSection
	GlobalSection(ExtensibilityGlobals) = postSolution
		SolutionGuid = {87829A0D-E852-46A8-9E61-AAA703AB2A1D}
	EndGlobalSection
EndGlobal
